
Microsoft Visual Studio Solution File, Format Version 12.00
# Visual Studio 2015
Project("{FAE04EC0-301F-11D3-BF4B-00C04F79EFBC}") = "CombatMechanics.Plugins", "CombatMechanics.Plugins.csproj", "{BECC6CC6-CC61-12DE-7A05-80F352998CD6}"
EndProject
Project("{FAE04EC0-301F-11D3-BF4B-00C04F79EFBC}") = "CombatMechanics.Editor", "CombatMechanics.Editor.csproj", "{2DB974AE-2619-A0C1-F783-2747C93D8E29}"
EndProject
Global
	GlobalSection(SolutionConfigurationPlatforms) = preSolution
		Debug|Any CPU = Debug|Any CPU
		Release|Any CPU = Release|Any CPU
	EndGlobalSection
	GlobalSection(ProjectConfigurationPlatforms) = postSolution
		{BECC6CC6-CC61-12DE-7A05-80F352998CD6}.Debug|Any CPU.ActiveCfg = Debug|Any CPU
		{BECC6CC6-CC61-12DE-7A05-80F352998CD6}.Debug|Any CPU.Build.0 = Debug|Any CPU
		{BECC6CC6-CC61-12DE-7A05-80F352998CD6}.Release|Any CPU.ActiveCfg = Release|Any CPU
		{BECC6CC6-CC61-12DE-7A05-80F352998CD6}.Release|Any CPU.Build.0 = Release|Any CPU
		{2DB974AE-2619-A0C1-F783-2747C93D8E29}.Debug|Any CPU.ActiveCfg = Debug|Any CPU
		{2DB974AE-2619-A0C1-F783-2747C93D8E29}.Debug|Any CPU.Build.0 = Debug|Any CPU
		{2DB974AE-2619-A0C1-F783-2747C93D8E29}.Release|Any CPU.ActiveCfg = Release|Any CPU
		{2DB974AE-2619-A0C1-F783-2747C93D8E29}.Release|Any CPU.Build.0 = Release|Any CPU
	EndGlobalSection
	GlobalSection(SolutionProperties) = preSolution
		HideSolutionNode = FALSE
	EndGlobalSection
EndGlobal
